
Microsoft Visual Studio Solution File, Format Version 12.00
# Visual Studio Version 17
VisualStudioVersion = 17.3.32901.215
MinimumVisualStudioVersion = 10.0.40219.1
Project("{FAE04EC0-301F-11D3-BF4B-00C04F79EFBC}") = "SPU123_Shop_MVC", "SPU123_Shop_MVC\SPU123_Shop_MVC.csproj", "{80C62C2D-5A02-4D8B-A226-BEBCF3D2C745}"
EndProject
Global
	GlobalSection(SolutionConfigurationPlatforms) = preSolution
		Debug|Any CPU = Debug|Any CPU
		Release|Any CPU = Release|Any CPU
	EndGlobalSection
	GlobalSection(ProjectConfigurationPlatforms) = postSolution
		{80C62C2D-5A02-4D8B-A226-BEBCF3D2C745}.Debug|Any CPU.ActiveCfg = Debug|Any CPU
		{80C62C2D-5A02-4D8B-A226-BEBCF3D2C745}.Debug|Any CPU.Build.0 = Debug|Any CPU
		{80C62C2D-5A02-4D8B-A226-BEBCF3D2C745}.Release|Any CPU.ActiveCfg = Release|Any CPU
		{80C62C2D-5A02-4D8B-A226-BEBCF3D2C745}.Release|Any CPU.Build.0 = Release|Any CPU
	EndGlobalSection
	GlobalSection(SolutionProperties) = preSolution
		HideSolutionNode = FALSE
	EndGlobalSection
	GlobalSection(ExtensibilityGlobals) = postSolution
		SolutionGuid = {F63FF269-F4CF-4189-84D4-488E66D2D9A5}
	EndGlobalSection
EndGlobal
